
Microsoft Visual Studio Solution File, Format Version 12.00
Project("{FAE04EC0-301F-11D3-BF4B-00C04F79EFBC}") = "Pr1", "Pr1\Pr1.csproj", "{0635204F-DD44-44D0-8670-21B0E7AF486B}"
EndProject
Project("{FAE04EC0-301F-11D3-BF4B-00C04F79EFBC}") = "Pr2", "Pr2\Pr2.csproj", "{37718DAC-5039-4C64-B6EC-8FB311D150A9}"
EndProject
Project("{FAE04EC0-301F-11D3-BF4B-00C04F79EFBC}") = "Pr3", "Pr3\Pr3.csproj", "{8E99D982-EDC1-4523-A623-6B083B36F3AB}"
EndProject
Project("{FAE04EC0-301F-11D3-BF4B-00C04F79EFBC}") = "Pr4", "Pr4\Pr4.csproj", "{6E022DB1-8E15-4E55-8B4D-A266238FC4D3}"
EndProject
Project("{FAE04EC0-301F-11D3-BF4B-00C04F79EFBC}") = "Pr5", "Pr5\Pr5.csproj", "{47A2E2D9-3F86-487F-A659-2DD22303BB2F}"
EndProject
Global
	GlobalSection(SolutionConfigurationPlatforms) = preSolution
		Debug|Any CPU = Debug|Any CPU
		Release|Any CPU = Release|Any CPU
	EndGlobalSection
	GlobalSection(ProjectConfigurationPlatforms) = postSolution
		{0635204F-DD44-44D0-8670-21B0E7AF486B}.Debug|Any CPU.ActiveCfg = Debug|Any CPU
		{0635204F-DD44-44D0-8670-21B0E7AF486B}.Debug|Any CPU.Build.0 = Debug|Any CPU
		{0635204F-DD44-44D0-8670-21B0E7AF486B}.Release|Any CPU.ActiveCfg = Release|Any CPU
		{0635204F-DD44-44D0-8670-21B0E7AF486B}.Release|Any CPU.Build.0 = Release|Any CPU
		{37718DAC-5039-4C64-B6EC-8FB311D150A9}.Debug|Any CPU.ActiveCfg = Debug|Any CPU
		{37718DAC-5039-4C64-B6EC-8FB311D150A9}.Debug|Any CPU.Build.0 = Debug|Any CPU
		{37718DAC-5039-4C64-B6EC-8FB311D150A9}.Release|Any CPU.ActiveCfg = Release|Any CPU
		{37718DAC-5039-4C64-B6EC-8FB311D150A9}.Release|Any CPU.Build.0 = Release|Any CPU
		{8E99D982-EDC1-4523-A623-6B083B36F3AB}.Debug|Any CPU.ActiveCfg = Debug|Any CPU
		{8E99D982-EDC1-4523-A623-6B083B36F3AB}.Debug|Any CPU.Build.0 = Debug|Any CPU
		{8E99D982-EDC1-4523-A623-6B083B36F3AB}.Release|Any CPU.ActiveCfg = Release|Any CPU
		{8E99D982-EDC1-4523-A623-6B083B36F3AB}.Release|Any CPU.Build.0 = Release|Any CPU
		{6E022DB1-8E15-4E55-8B4D-A266238FC4D3}.Debug|Any CPU.ActiveCfg = Debug|Any CPU
		{6E022DB1-8E15-4E55-8B4D-A266238FC4D3}.Debug|Any CPU.Build.0 = Debug|Any CPU
		{6E022DB1-8E15-4E55-8B4D-A266238FC4D3}.Release|Any CPU.ActiveCfg = Release|Any CPU
		{6E022DB1-8E15-4E55-8B4D-A266238FC4D3}.Release|Any CPU.Build.0 = Release|Any CPU
		{47A2E2D9-3F86-487F-A659-2DD22303BB2F}.Debug|Any CPU.ActiveCfg = Debug|Any CPU
		{47A2E2D9-3F86-487F-A659-2DD22303BB2F}.Debug|Any CPU.Build.0 = Debug|Any CPU
		{47A2E2D9-3F86-487F-A659-2DD22303BB2F}.Release|Any CPU.ActiveCfg = Release|Any CPU
		{47A2E2D9-3F86-487F-A659-2DD22303BB2F}.Release|Any CPU.Build.0 = Release|Any CPU
	EndGlobalSection
EndGlobal
